
Microsoft Visual Studio Solution File, Format Version 12.00
# Visual Studio Version 17
VisualStudioVersion = 17.0.31903.59
MinimumVisualStudioVersion = 10.0.40219.1
Project("{FAE04EC0-301F-11D3-BF4B-00C04F79EFBC}") = "WpfЗадание 18. 3D Графика", "WpfЗадание 18. 3D Графика\WpfЗадание 18. 3D Графика.csproj", "{68FFEF4E-450C-4831-B0E2-50B0AF130E5F}"
EndProject
Global
	GlobalSection(SolutionConfigurationPlatforms) = preSolution
		Debug|Any CPU = Debug|Any CPU
		Release|Any CPU = Release|Any CPU
	EndGlobalSection
	GlobalSection(ProjectConfigurationPlatforms) = postSolution
		{68FFEF4E-450C-4831-B0E2-50B0AF130E5F}.Debug|Any CPU.ActiveCfg = Debug|Any CPU
		{68FFEF4E-450C-4831-B0E2-50B0AF130E5F}.Debug|Any CPU.Build.0 = Debug|Any CPU
		{68FFEF4E-450C-4831-B0E2-50B0AF130E5F}.Release|Any CPU.ActiveCfg = Release|Any CPU
		{68FFEF4E-450C-4831-B0E2-50B0AF130E5F}.Release|Any CPU.Build.0 = Release|Any CPU
	EndGlobalSection
	GlobalSection(SolutionProperties) = preSolution
		HideSolutionNode = FALSE
	EndGlobalSection
	GlobalSection(ExtensibilityGlobals) = postSolution
		SolutionGuid = {E747BDC0-BDD2-4157-BEF0-0BF643911C91}
	EndGlobalSection
EndGlobal
